lockfileVersion: '9.0'

settings:
  autoInstallPeers: true
  excludeLinksFromLockfile: false

importers:

  .:
    dependencies:
      '@playwright/test':
        specifier: ^1.51.0
        version: 1.51.0
      playwright:
        specifier: ^1.51.0
        version: 1.51.0
    devDependencies:
      '@types/node':
        specifier: ^20.11.24
        version: 20.17.24
      dotenv:
        specifier: ^16.4.7
        version: 16.4.7

packages:

  '@playwright/test@1.51.0':
    resolution: {integrity: sha512-dJ0dMbZeHhI+wb77+ljx/FeC8VBP6j/rj9OAojO08JI80wTZy6vRk9KvHKiDCUh4iMpEiseMgqRBIeW+eKX6RA==}
    engines: {node: '>=18'}
    hasBin: true

  '@types/node@20.17.24':
    resolution: {integrity: sha512-d7fGCyB96w9BnWQrOsJtpyiSaBcAYYr75bnK6ZRjDbql2cGLj/3GsL5OYmLPNq76l7Gf2q4Rv9J2o6h5CrD9sA==}

  dotenv@16.4.7:
    resolution: {integrity: sha512-47qPchRCykZC03FhkYAhrvwU4xDBFIj1QPqaarj6mdM/hgUzfPHcpkHJOn3mJAufFeeAxAzeGsr5X0M4k6fLZQ==}
    engines: {node: '>=12'}

  fsevents@2.3.2:
    resolution: {integrity: sha512-xiqMQR4xAeHTuB9uWm+fFRcIOgKBMiOBP+eXiyT7jsgVCq1bkVygt00oASowB7EdtpOHaaPgKt812P9ab+DDKA==}
    engines: {node: ^8.16.0 || ^10.6.0 || >=11.0.0}
    os: [darwin]

  playwright-core@1.51.0:
    resolution: {integrity: sha512-x47yPE3Zwhlil7wlNU/iktF7t2r/URR3VLbH6EknJd/04Qc/PSJ0EY3CMXipmglLG+zyRxW6HNo2EGbKLHPWMg==}
    engines: {node: '>=18'}
    hasBin: true

  playwright@1.51.0:
    resolution: {integrity: sha512-442pTfGM0xxfCYxuBa/Pu6B2OqxqqaYq39JS8QDMGThUvIOCd6s0ANDog3uwA0cHavVlnTQzGCN7Id2YekDSXA==}
    engines: {node: '>=18'}
    hasBin: true

  undici-types@6.19.8:
    resolution: {integrity: sha512-ve2KP6f/JnbPBFyobGHuerC9g1FYGn/F8n1LWTwNxCEzd6IfqTwUQcNXgEtmmQ6DlRrC1hrSrBnCZPokRrDHjw==}

snapshots:

  '@playwright/test@1.51.0':
    dependencies:
      playwright: 1.51.0

  '@types/node@20.17.24':
    dependencies:
      undici-types: 6.19.8

  dotenv@16.4.7: {}

  fsevents@2.3.2:
    optional: true

  playwright-core@1.51.0: {}

  playwright@1.51.0:
    dependencies:
      playwright-core: 1.51.0
    optionalDependencies:
      fsevents: 2.3.2

  undici-types@6.19.8: {}
